
Microsoft Visual Studio Solution File, Format Version 12.00
# Visual Studio 2012
Project("{FAE04EC0-301F-11D3-BF4B-00C04F79EFBC}") = "Presentacion", "Presentacion\Presentacion.csproj", "{2DAA62F4-DC6C-4346-A7C7-E8A6C4A4A6D2}"
EndProject
Project("{FAE04EC0-301F-11D3-BF4B-00C04F79EFBC}") = "Negocio", "Negocio\Negocio.csproj", "{2E6A8ACF-CC85-49E5-B38C-E1C7F5C3CB7B}"
EndProject
Project("{FAE04EC0-301F-11D3-BF4B-00C04F79EFBC}") = "Prueba", "Prueba\Prueba.csproj", "{FD585E22-F773-456E-9062-8E466B62E5A4}"
EndProject
Global
	GlobalSection(TeamFoundationVersionControl) = preSolution
		SccNumberOfProjects = 4
		SccEnterpriseProvider = {4CA58AB2-18FA-4F8D-95D4-32DDF27D184C}
		SccTeamFoundationServer = https://groshar.visualstudio.com/defaultcollection
		SccLocalPath0 = .
		SccProjectUniqueName1 = Negocio\\Negocio.csproj
		SccProjectName1 = Negocio
		SccLocalPath1 = Negocio
		SccProjectUniqueName2 = Presentacion\\Presentacion.csproj
		SccProjectName2 = Presentacion
		SccLocalPath2 = Presentacion
		SccProjectUniqueName3 = Prueba\\Prueba.csproj
		SccProjectName3 = Prueba
		SccLocalPath3 = Prueba
	EndGlobalSection
	GlobalSection(SolutionConfigurationPlatforms) = preSolution
		Debug|Any CPU = Debug|Any CPU
		Release|Any CPU = Release|Any CPU
	EndGlobalSection
	GlobalSection(ProjectConfigurationPlatforms) = postSolution
		{2DAA62F4-DC6C-4346-A7C7-E8A6C4A4A6D2}.Debug|Any CPU.ActiveCfg = Debug|Any CPU
		{2DAA62F4-DC6C-4346-A7C7-E8A6C4A4A6D2}.Debug|Any CPU.Build.0 = Debug|Any CPU
		{2DAA62F4-DC6C-4346-A7C7-E8A6C4A4A6D2}.Release|Any CPU.ActiveCfg = Release|Any CPU
		{2DAA62F4-DC6C-4346-A7C7-E8A6C4A4A6D2}.Release|Any CPU.Build.0 = Release|Any CPU
		{2E6A8ACF-CC85-49E5-B38C-E1C7F5C3CB7B}.Debug|Any CPU.ActiveCfg = Debug|Any CPU
		{2E6A8ACF-CC85-49E5-B38C-E1C7F5C3CB7B}.Debug|Any CPU.Build.0 = Debug|Any CPU
		{2E6A8ACF-CC85-49E5-B38C-E1C7F5C3CB7B}.Release|Any CPU.ActiveCfg = Release|Any CPU
		{2E6A8ACF-CC85-49E5-B38C-E1C7F5C3CB7B}.Release|Any CPU.Build.0 = Release|Any CPU
		{FD585E22-F773-456E-9062-8E466B62E5A4}.Debug|Any CPU.ActiveCfg = Debug|Any CPU
		{FD585E22-F773-456E-9062-8E466B62E5A4}.Debug|Any CPU.Build.0 = Debug|Any CPU
		{FD585E22-F773-456E-9062-8E466B62E5A4}.Release|Any CPU.ActiveCfg = Release|Any CPU
		{FD585E22-F773-456E-9062-8E466B62E5A4}.Release|Any CPU.Build.0 = Release|Any CPU
	EndGlobalSection
	GlobalSection(SolutionProperties) = preSolution
		HideSolutionNode = FALSE
	EndGlobalSection
EndGlobal
